# THIS IS AN AUTOGENERATED FILE. DO NOT EDIT THIS FILE DIRECTLY.
# yarn lockfile v1


particles.js@^2.0.0:
  version "2.0.0"
  resolved "https://registry.yarnpkg.com/particles.js/-/particles.js-2.0.0.tgz#21386c4328d6c7f96780a201e96eedfc09c736f6"
  integrity sha512-8e0JIqkRbMMPlFBnF9f+92hX1s07jdkd3tqB8uHE9L+cwGGjIYjQM7QLgt0FQ5MZp6SFFYYDm/Y48pqK3ZvJOQ==
